// !$*UTF8*$!
{
	archiveVersion = 1;
	classes = {
	};
	objectVersion = 50;
	objects = {

/* Begin PBXBuildFile section */
		BD9F3F16217817E100E81F27 /* AppDelegate.swift in Sources */ = {isa = PBXBuildFile; fileRef = BD9F3F15217817E100E81F27 /* AppDelegate.swift */; };
		BD9F3F18217817E100E81F27 /* ViewController.swift in Sources */ = {isa = PBXBuildFile; fileRef = BD9F3F17217817E100E81F27 /* ViewController.swift */; };
		BD9F3F1B217817E100E81F27 /* Main.storyboard in Resources */ = {isa = PBXBuildFile; fileRef = BD9F3F19217817E100E81F27 /* Main.storyboard */; };
		BD9F3F1D217817E200E81F27 /* Assets.xcassets in Resources */ = {isa = PBXBuildFile; fileRef = BD9F3F1C217817E200E81F27 /* Assets.xcassets */; };
		BD9F3F20217817E200E81F27 /* LaunchScreen.storyboard in Resources */ = {isa = PBXBuildFile; fileRef = BD9F3F1E217817E200E81F27 /* LaunchScreen.storyboard */; };
		BD9F3F2B217817E300E81F27 /* TableViewTestTests.swift in Sources */ = {isa = PBXBuildFile; fileRef = BD9F3F2A217817E300E81F27 /* TableViewTestTests.swift */; };
		BD9F3F36217817E300E81F27 /* TableViewTestUITests.swift in Sources */ = {isa = PBXBuildFile; fileRef = BD9F3F35217817E300E81F27 /* TableViewTestUITests.swift */; };
/* End PBXBuildFile section */

/* Begin PBXContainerItemProxy section */
		BD9F3F27217817E300E81F27 /* PBXContainerItemProxy */ = {
			isa = PBXContainerItemProxy;
			containerPortal = BD9F3F0A217817E100E81F27 /* Project object */;
			proxyType = 1;
			remoteGlobalIDString = BD9F3F11217817E100E81F27;
			remoteInfo = TableViewTest;
		};
		BD9F3F32217817E300E81F27 /* PBXContainerItemProxy */ = {
			isa = PBXContainerItemProxy;
			containerPortal = BD9F3F0A217817E100E81F27 /* Project object */;
			proxyType = 1;
			remoteGlobalIDString = BD9F3F11217817E100E81F27;
			remoteInfo = TableViewTest;
		};
/* End PBXContainerItemProxy section */

/* Begin PBXFileReference section */
		BD9F3F12217817E100E81F27 /* TableViewTest.app */ = {isa = PBXFileReference; explicitFileType = wrapper.application; includeInIndex = 0; path = TableViewTest.app; sourceTree = BUILT_PRODUCTS_DIR; };
		BD9F3F15217817E100E81F27 /* AppDelegate.swift */ = {isa = PBXFileReference; lastKnownFileType = sourcecode.swift; path = AppDelegate.swift; sourceTree = "<group>"; };
		BD9F3F17217817E100E81F27 /* ViewController.swift */ = {isa = PBXFileReference; lastKnownFileType = sourcecode.swift; path = ViewController.swift; sourceTree = "<group>"; };
		BD9F3F1A217817E100E81F27 /* Base */ = {isa = PBXFileReference; lastKnownFileType = file.storyboard; name = Base; path = Base.lproj/Main.storyboard; sourceTree = "<group>"; };
		BD9F3F1C217817E200E81F27 /* Assets.xcassets */ = {isa = PBXFileReference; lastKnownFileType = folder.assetcatalog; path = Assets.xcassets; sourceTree = "<group>"; };
		BD9F3F1F217817E200E81F27 /* Base */ = {isa = PBXFileReference; lastKnownFileType = file.storyboard; name = Base; path = Base.lproj/LaunchScreen.storyboard; sourceTree = "<group>"; };
		BD9F3F21217817E200E81F27 /* Info.plist */ = {isa = PBXFileReference; lastKnownFileType = text.plist.xml; path = Info.plist; sourceTree = "<group>"; };
		BD9F3F26217817E300E81F27 /* TableViewTestTests.xctest */ = {isa = PBXFileReference; explicitFileType = wrapper.cfbundle; includeInIndex = 0; path = TableViewTestTests.xctest; sourceTree = BUILT_PRODUCTS_DIR; };
		BD9F3F2A217817E300E81F27 /* TableViewTestTests.swift */ = {isa = PBXFileReference; lastKnownFileType = sourcecode.swift; path = TableViewTestTests.swift; sourceTree = "<group>"; };
		BD9F3F2C217817E300E81F27 /* Info.plist */ = {isa = PBXFileReference; lastKnownFileType = text.plist.xml; path = Info.plist; sourceTree = "<group>"; };
		BD9F3F31217817E300E81F27 /* TableViewTestUITests.xctest */ = {isa = PBXFileReference; explicitFileType = wrapper.cfbundle; includeInIndex = 0; path = TableViewTestUITests.xctest; sourceTree = BUILT_PRODUCTS_DIR; };
		BD9F3F35217817E300E81F27 /* TableViewTestUITests.swift */ = {isa = PBXFileReference; lastKnownFileType = sourcecode.swift; path = TableViewTestUITests.swift; sourceTree = "<group>"; };
		BD9F3F37217817E300E81F27 /* Info.plist */ = {isa = PBXFileReference; lastKnownFileType = text.plist.xml; path = Info.plist; sourceTree = "<group>"; };
/* End PBXFileReference section */

/* Begin PBXFrameworksBuildPhase section */
		BD9F3F0F217817E100E81F27 /* Frameworks */ = {
			isa = PBXFrameworksBuildPhase;
			buildActionMask = 2147483647;
			files = (
			);
			runOnlyForDeploymentPostprocessing = 0;
		};
		BD9F3F23217817E200E81F27 /* Frameworks */ = {
			isa = PBXFrameworksBuildPhase;
			buildActionMask = 2147483647;
			files = (
			);
			runOnlyForDeploymentPostprocessing = 0;
		};
		BD9F3F2E217817E300E81F27 /* Frameworks */ = {
			isa = PBXFrameworksBuildPhase;
			buildActionMask = 2147483647;
			files = (
			);
			runOnlyForDeploymentPostprocessing = 0;
		};
/* End PBXFrameworksBuildPhase section */

/* Begin PBXGroup section */
		BD9F3F09217817E100E81F27 = {
			isa = PBXGroup;
			children = (
				BD9F3F14217817E100E81F27 /* TableViewTest */,
				BD9F3F29217817E300E81F27 /* TableViewTestTests */,
				BD9F3F34217817E300E81F27 /* TableViewTestUITests */,
				BD9F3F13217817E100E81F27 /* Products */,
			);
			sourceTree = "<group>";
		};
		BD9F3F13217817E100E81F27 /* Products */ = {
			isa = PBXGroup;
			children = (
				BD9F3F12217817E100E81F27 /* TableViewTest.app */,
				BD9F3F26217817E300E81F27 /* TableViewTestTests.xctest */,
				BD9F3F31217817E300E81F27 /* TableViewTestUITests.xctest */,
			);
			name = Products;
			sourceTree = "<group>";
		};
		BD9F3F14217817E100E81F27 /* TableViewTest */ = {
			isa = PBXGroup;
			children = (
				BD9F3F15217817E100E81F27 /* AppDelegate.swift */,
				BD9F3F17217817E100E81F27 /* ViewController.swift */,
				BD9F3F19217817E100E81F27 /* Main.storyboard */,
				BD9F3F1C217817E200E81F27 /* Assets.xcassets */,
				BD9F3F1E217817E200E81F27 /* LaunchScreen.storyboard */,
				BD9F3F21217817E200E81F27 /* Info.plist */,
			);
			path = TableViewTest;
			sourceTree = "<group>";
		};
		BD9F3F29217817E300E81F27 /* TableViewTestTests */ = {
			isa = PBXGroup;
			children = (
				BD9F3F2A217817E300E81F27 /* TableViewTestTests.swift */,
				BD9F3F2C217817E300E81F27 /* Info.plist */,
			);
			path = TableViewTestTests;
			sourceTree = "<group>";
		};
		BD9F3F34217817E300E81F27 /* TableViewTestUITests */ = {
			isa = PBXGroup;
			children = (
				BD9F3F35217817E300E81F27 /* TableViewTestUITests.swift */,
				BD9F3F37217817E300E81F27 /* Info.plist */,
			);
			path = TableViewTestUITests;
			sourceTree = "<group>";
		};
/* End PBXGroup section */

/* Begin PBXNativeTarget section */
		BD9F3F11217817E100E81F27 /* TableViewTest */ = {
			isa = PBXNativeTarget;
			buildConfigurationList = BD9F3F3A217817E300E81F27 /* Build configuration list for PBXNativeTarget "TableViewTest" */;
			buildPhases = (
				BD9F3F0E217817E100E81F27 /* Sources */,
				BD9F3F0F217817E100E81F27 /* Frameworks */,
				BD9F3F10217817E100E81F27 /* Resources */,
			);
			buildRules = (
			);
			dependencies = (
			);
			name = TableViewTest;
			productName = TableViewTest;
			productReference = BD9F3F12217817E100E81F27 /* TableViewTest.app */;
			productType = "com.apple.product-type.application";
		};
		BD9F3F25217817E200E81F27 /* TableViewTestTests */ = {
			isa = PBXNativeTarget;
			buildConfigurationList = BD9F3F3D217817E300E81F27 /* Build configuration list for PBXNativeTarget "TableViewTestTests" */;
			buildPhases = (
				BD9F3F22217817E200E81F27 /* Sources */,
				BD9F3F23217817E200E81F27 /* Frameworks */,
				BD9F3F24217817E200E81F27 /* Resources */,
			);
			buildRules = (
			);
			dependencies = (
				BD9F3F28217817E300E81F27 /* PBXTargetDependency */,
			);
			name = TableViewTestTests;
			productName = TableViewTestTests;
			productReference = BD9F3F26217817E300E81F27 /* TableViewTestTests.xctest */;
			productType = "com.apple.product-type.bundle.unit-test";
		};
		BD9F3F30217817E300E81F27 /* TableViewTestUITests */ = {
			isa = PBXNativeTarget;
			buildConfigurationList = BD9F3F40217817E300E81F27 /* Build configuration list for PBXNativeTarget "TableViewTestUITests" */;
			buildPhases = (
				BD9F3F2D217817E300E81F27 /* Sources */,
				BD9F3F2E217817E300E81F27 /* Frameworks */,
				BD9F3F2F217817E300E81F27 /* Resources */,
			);
			buildRules = (
			);
			dependencies = (
				BD9F3F33217817E300E81F27 /* PBXTargetDependency */,
			);
			name = TableViewTestUITests;
			productName = TableViewTestUITests;
			productReference = BD9F3F31217817E300E81F27 /* TableViewTestUITests.xctest */;
			productType = "com.apple.product-type.bundle.ui-testing";
		};
/* End PBXNativeTarget section */

/* Begin PBXProject section */
		BD9F3F0A217817E100E81F27 /* Project object */ = {
			isa = PBXProject;
			attributes = {
				LastSwiftUpdateCheck = 1010;
				LastUpgradeCheck = 1010;
				ORGANIZATIONNAME = "Jenna Benjamin";
				TargetAttributes = {
					BD9F3F11217817E100E81F27 = {
						CreatedOnToolsVersion = 10.1;
					};
					BD9F3F25217817E200E81F27 = {
						CreatedOnToolsVersion = 10.1;
						TestTargetID = BD9F3F11217817E100E81F27;
					};
					BD9F3F30217817E300E81F27 = {
						CreatedOnToolsVersion = 10.1;
						TestTargetID = BD9F3F11217817E100E81F27;
					};
				};
			};
			buildConfigurationList = BD9F3F0D217817E100E81F27 /* Build configuration list for PBXProject "TableViewTest" */;
			compatibilityVersion = "Xcode 9.3";
			developmentRegion = en;
			hasScannedForEncodings = 0;
			knownRegions = (
				en,
				Base,
			);
			mainGroup = BD9F3F09217817E100E81F27;
			productRefGroup = BD9F3F13217817E100E81F27 /* Products */;
			projectDirPath = "";
			projectRoot = "";
			targets = (
				BD9F3F11217817E100E81F27 /* TableViewTest */,
				BD9F3F25217817E200E81F27 /* TableViewTestTests */,
				BD9F3F30217817E300E81F27 /* TableViewTestUITests */,
			);
		};
/* End PBXProject section */

/* Begin PBXResourcesBuildPhase section */
		BD9F3F10217817E100E81F27 /* Resources */ = {
			isa = PBXResourcesBuildPhase;
			buildActionMask = 2147483647;
			files = (
				BD9F3F20217817E200E81F27 /* LaunchScreen.storyboard in Resources */,
				BD9F3F1D217817E200E81F27 /* Assets.xcassets in Resources */,
				BD9F3F1B217817E100E81F27 /* Main.storyboard in Resources */,
			);
			runOnlyForDeploymentPostprocessing = 0;
		};
		BD9F3F24217817E200E81F27 /* Resources */ = {
			isa = PBXResourcesBuildPhase;
			buildActionMask = 2147483647;
			files = (
			);
			runOnlyForDeploymentPostprocessing = 0;
		};
		BD9F3F2F217817E300E81F27 /* Resources */ = {
			isa = PBXResourcesBuildPhase;
			buildActionMask = 2147483647;
			files = (
			);
			runOnlyForDeploymentPostprocessing = 0;
		};
/* End PBXResourcesBuildPhase section */

/* Begin PBXSourcesBuildPhase section */
		BD9F3F0E217817E100E81F27 /* Sources */ = {
			isa = PBXSourcesBuildPhase;
			buildActionMask = 2147483647;
			files = (
				BD9F3F18217817E100E81F27 /* ViewController.swift in Sources */,
				BD9F3F16217817E100E81F27 /* AppDelegate.swift in Sources */,
			);
			runOnlyForDeploymentPostprocessing = 0;
		};
		BD9F3F22217817E200E81F27 /* Sources */ = {
			isa = PBXSourcesBuildPhase;
			buildActionMask = 2147483647;
			files = (
				BD9F3F2B217817E300E81F27 /* TableViewTestTests.swift in Sources */,
			);
			runOnlyForDeploymentPostprocessing = 0;
		};
		BD9F3F2D217817E300E81F27 /* Sources */ = {
			isa = PBXSourcesBuildPhase;
			buildActionMask = 2147483647;
			files = (
				BD9F3F36217817E300E81F27 /* TableViewTestUITests.swift in Sources */,
			);
			runOnlyForDeploymentPostprocessing = 0;
		};
/* End PBXSourcesBuildPhase section */

/* Begin PBXTargetDependency section */
		BD9F3F28217817E300E81F27 /* PBXTargetDependency */ = {
			isa = PBXTargetDependency;
			target = BD9F3F11217817E100E81F27 /* TableViewTest */;
			targetProxy = BD9F3F27217817E300E81F27 /* PBXContainerItemProxy */;
		};
		BD9F3F33217817E300E81F27 /* PBXTargetDependency */ = {
			isa = PBXTargetDependency;
			target = BD9F3F11217817E100E81F27 /* TableViewTest */;
			targetProxy = BD9F3F32217817E300E81F27 /* PBXContainerItemProxy */;
		};
/* End PBXTargetDependency section */

/* Begin PBXVariantGroup section */
		BD9F3F19217817E100E81F27 /* Main.storyboard */ = {
			isa = PBXVariantGroup;
			children = (
				BD9F3F1A217817E100E81F27 /* Base */,
			);
			name = Main.storyboard;
			sourceTree = "<group>";
		};
		BD9F3F1E217817E200E81F27 /* LaunchScreen.storyboard */ = {
			isa = PBXVariantGroup;
			children = (
				BD9F3F1F217817E200E81F27 /* Base */,
			);
			name = LaunchScreen.storyboard;
			sourceTree = "<group>";
		};
/* End PBXVariantGroup section */

/* Begin XCBuildConfiguration section */
		BD9F3F38217817E300E81F27 /* Debug */ = {
			isa = XCBuildConfiguration;
			buildSettings = {
				ALWAYS_SEARCH_USER_PATHS = NO;
				CLANG_ANALYZER_NONNULL = YES;
				CLANG_ANALYZER_NUMBER_OBJECT_CONVERSION = YES_AGGRESSIVE;
				CLANG_CXX_LANGUAGE_STANDARD = "gnu++14";
				CLANG_CXX_LIBRARY = "libc++";
				CLANG_ENABLE_MODULES = YES;
				CLANG_ENABLE_OBJC_ARC = YES;
				CLANG_ENABLE_OBJC_WEAK = YES;
				CLANG_WARN_BLOCK_CAPTURE_AUTORELEASING = YES;
				CLANG_WARN_BOOL_CONVERSION = YES;
				CLANG_WARN_COMMA = YES;
				CLANG_WARN_CONSTANT_CONVERSION = YES;
				CLANG_WARN_DEPRECATED_OBJC_IMPLEMENTATIONS = YES;
				CLANG_WARN_DIRECT_OBJC_ISA_USAGE = YES_ERROR;
				CLANG_WARN_DOCUMENTATION_COMMENTS = YES;
				CLANG_WARN_EMPTY_BODY = YES;
				CLANG_WARN_ENUM_CONVERSION = YES;
				CLANG_WARN_INFINITE_RECURSION = YES;
				CLANG_WARN_INT_CONVERSION = YES;
				CLANG_WARN_NON_LITERAL_NULL_CONVERSION = YES;
				CLANG_WARN_OBJC_IMPLICIT_RETAIN_SELF = YES;
				CLANG_WARN_OBJC_LITERAL_CONVERSION = YES;
				CLANG_WARN_OBJC_ROOT_CLASS = YES_ERROR;
				CLANG_WARN_RANGE_LOOP_ANALYSIS = YES;
				CLANG_WARN_STRICT_PROTOTYPES = YES;
				CLANG_WARN_SUSPICIOUS_MOVE = YES;
				CLANG_WARN_UNGUARDED_AVAILABILITY = YES_AGGRESSIVE;
				CLANG_WARN_UNREACHABLE_CODE = YES;
				CLANG_WARN__DUPLICATE_METHOD_MATCH = YES;
				CODE_SIGN_IDENTITY = "iPhone Developer";
				COPY_PHASE_STRIP = NO;
				DEBUG_INFORMATION_FORMAT = dwarf;
				ENABLE_STRICT_OBJC_MSGSEND = YES;
				ENABLE_TESTABILITY = YES;
				GCC_C_LANGUAGE_STANDARD = gnu11;
				GCC_DYNAMIC_NO_PIC = NO;
				GCC_NO_COMMON_BLOCKS = YES;
				GCC_OPTIMIZATION_LEVEL = 0;
				GCC_PREPROCESSOR_DEFINITIONS = (
					"DEBUG=1",
					"$(inherited)",
				);
				GCC_WARN_64_TO_32_BIT_CONVERSION = YES;
				GCC_WARN_ABOUT_RETURN_TYPE = YES_ERROR;
				GCC_WARN_UNDECLARED_SELECTOR = YES;
				GCC_WARN_UNINITIALIZED_AUTOS = YES_AGGRESSIVE;
				GCC_WARN_UNUSED_FUNCTION = YES;
				GCC_WARN_UNUSED_VARIABLE = YES;
				IPHONEOS_DEPLOYMENT_TARGET = 12.1;
				MTL_ENABLE_DEBUG_INFO = INCLUDE_SOURCE;
				MTL_FAST_MATH = YES;
				ONLY_ACTIVE_ARCH = YES;
				SDKROOT = iphoneos;
				SWIFT_ACTIVE_COMPILATION_CONDITIONS = DEBUG;
				SWIFT_OPTIMIZATION_LEVEL = "-Onone";
			};
			name = Debug;
		};
		BD9F3F39217817E300E81F27 /* Release */ = {
			isa = XCBuildConfiguration;
			buildSettings = {
				ALWAYS_SEARCH_USER_PATHS = NO;
				CLANG_ANALYZER_NONNULL = YES;
				CLANG_ANALYZER_NUMBER_OBJECT_CONVERSION = YES_AGGRESSIVE;
				CLANG_CXX_LANGUAGE_STANDARD = "gnu++14";
				CLANG_CXX_LIBRARY = "libc++";
				CLANG_ENABLE_MODULES = YES;
				CLANG_ENABLE_OBJC_ARC = YES;
				CLANG_ENABLE_OBJC_WEAK = YES;
				CLANG_WARN_BLOCK_CAPTURE_AUTORELEASING = YES;
				CLANG_WARN_BOOL_CONVERSION = YES;
				CLANG_WARN_COMMA = YES;
				CLANG_WARN_CONSTANT_CONVERSION = YES;
				CLANG_WARN_DEPRECATED_OBJC_IMPLEMENTATIONS = YES;
				CLANG_WARN_DIRECT_OBJC_ISA_USAGE = YES_ERROR;
				CLANG_WARN_DOCUMENTATION_COMMENTS = YES;
				CLANG_WARN_EMPTY_BODY = YES;
				CLANG_WARN_ENUM_CONVERSION = YES;
				CLANG_WARN_INFINITE_RECURSION = YES;
				CLANG_WARN_INT_CONVERSION = YES;
				CLANG_WARN_NON_LITERAL_NULL_CONVERSION = YES;
				CLANG_WARN_OBJC_IMPLICIT_RETAIN_SELF = YES;
				CLANG_WARN_OBJC_LITERAL_CONVERSION = YES;
				CLANG_WARN_OBJC_ROOT_CLASS = YES_ERROR;
				CLANG_WARN_RANGE_LOOP_ANALYSIS = YES;
				CLANG_WARN_STRICT_PROTOTYPES = YES;
				CLANG_WARN_SUSPICIOUS_MOVE = YES;
				CLANG_WARN_UNGUARDED_AVAILABILITY = YES_AGGRESSIVE;
				CLANG_WARN_UNREACHABLE_CODE = YES;
				CLANG_WARN__DUPLICATE_METHOD_MATCH = YES;
				CODE_SIGN_IDENTITY = "iPhone Developer";
				COPY_PHASE_STRIP = NO;
				DEBUG_INFORMATION_FORMAT = "dwarf-with-dsym";
				ENABLE_NS_ASSERTIONS = NO;
				ENABLE_STRICT_OBJC_MSGSEND = YES;
				GCC_C_LANGUAGE_STANDARD = gnu11;
				GCC_NO_COMMON_BLOCKS = YES;
				GCC_WARN_64_TO_32_BIT_CONVERSION = YES;
				GCC_WARN_ABOUT_RETURN_TYPE = YES_ERROR;
				GCC_WARN_UNDECLARED_SELECTOR = YES;
				GCC_WARN_UNINITIALIZED_AUTOS = YES_AGGRESSIVE;
				GCC_WARN_UNUSED_FUNCTION = YES;
				GCC_WARN_UNUSED_VARIABLE = YES;
				IPHONEOS_DEPLOYMENT_TARGET = 12.1;
				MTL_ENABLE_DEBUG_INFO = NO;
				MTL_FAST_MATH = YES;
				SDKROOT = iphoneos;
				SWIFT_COMPILATION_MODE = wholemodule;
				SWIFT_OPTIMIZATION_LEVEL = "-O";
				VALIDATE_PRODUCT = YES;
			};
			name = Release;
		};
		BD9F3F3B217817E300E81F27 /* Debug */ = {
			isa = XCBuildConfiguration;
			buildSettings = {
				ASSETCATALOG_COMPILER_APPICON_NAME = AppIcon;
				CODE_SIGN_STYLE = Automatic;
				INFOPLIST_FILE = TableViewTest/Info.plist;
				LD_RUNPATH_SEARCH_PATHS = (
					"$(inherited)",
					"@executable_path/Frameworks",
				);
				PRODUCT_BUNDLE_IDENTIFIER = "Jenna-Benjamin.TableViewTest";
				PRODUCT_NAME = "$(TARGET_NAME)";
				SWIFT_VERSION = 4.2;
				TARGETED_DEVICE_FAMILY = "1,2";
			};
			name = Debug;
		};
		BD9F3F3C217817E300E81F27 /* Release */ = {
			isa = XCBuildConfiguration;
			buildSettings = {
				ASSETCATALOG_COMPILER_APPICON_NAME = AppIcon;
				CODE_SIGN_STYLE = Automatic;
				INFOPLIST_FILE = TableViewTest/Info.plist;
				LD_RUNPATH_SEARCH_PATHS = (
					"$(inherited)",
					"@executable_path/Frameworks",
				);
				PRODUCT_BUNDLE_IDENTIFIER = "Jenna-Benjamin.TableViewTest";
				PRODUCT_NAME = "$(TARGET_NAME)";
				SWIFT_VERSION = 4.2;
				TARGETED_DEVICE_FAMILY = "1,2";
			};
			name = Release;
		};
		BD9F3F3E217817E300E81F27 /* Debug */ = {
			isa = XCBuildConfiguration;
			buildSettings = {
				ALWAYS_EMBED_SWIFT_STANDARD_LIBRARIES = YES;
				BUNDLE_LOADER = "$(TEST_HOST)";
				CODE_SIGN_STYLE = Automatic;
				INFOPLIST_FILE = TableViewTestTests/Info.plist;
				LD_RUNPATH_SEARCH_PATHS = (
					"$(inherited)",
					"@executable_path/Frameworks",
					"@loader_path/Frameworks",
				);
				PRODUCT_BUNDLE_IDENTIFIER = "Jenna-Benjamin.TableViewTestTests";
				PRODUCT_NAME = "$(TARGET_NAME)";
				SWIFT_VERSION = 4.2;
				TARGETED_DEVICE_FAMILY = "1,2";
				TEST_HOST = "$(BUILT_PRODUCTS_DIR)/TableViewTest.app/TableViewTest";
			};
			name = Debug;
		};
		BD9F3F3F217817E300E81F27 /* Release */ = {
			isa = XCBuildConfiguration;
			buildSettings = {
				ALWAYS_EMBED_SWIFT_STANDARD_LIBRARIES = YES;
				BUNDLE_LOADER = "$(TEST_HOST)";
				CODE_SIGN_STYLE = Automatic;
				INFOPLIST_FILE = TableViewTestTests/Info.plist;
				LD_RUNPATH_SEARCH_PATHS = (
					"$(inherited)",
					"@executable_path/Frameworks",
					"@loader_path/Frameworks",
				);
				PRODUCT_BUNDLE_IDENTIFIER = "Jenna-Benjamin.TableViewTestTests";
				PRODUCT_NAME = "$(TARGET_NAME)";
				SWIFT_VERSION = 4.2;
				TARGETED_DEVICE_FAMILY = "1,2";
				TEST_HOST = "$(BUILT_PRODUCTS_DIR)/TableViewTest.app/TableViewTest";
			};
			name = Release;
		};
		BD9F3F41217817E300E81F27 /* Debug */ = {
			isa = XCBuildConfiguration;
			buildSettings = {
				ALWAYS_EMBED_SWIFT_STANDARD_LIBRARIES = YES;
				CODE_SIGN_STYLE = Automatic;
				INFOPLIST_FILE = TableViewTestUITests/Info.plist;
				LD_RUNPATH_SEARCH_PATHS = (
					"$(inherited)",
					"@executable_path/Frameworks",
					"@loader_path/Frameworks",
				);
				PRODUCT_BUNDLE_IDENTIFIER = "Jenna-Benjamin.TableViewTestUITests";
				PRODUCT_NAME = "$(TARGET_NAME)";
				SWIFT_VERSION = 4.2;
				TARGETED_DEVICE_FAMILY = "1,2";
				TEST_TARGET_NAME = TableViewTest;
			};
			name = Debug;
		};
		BD9F3F42217817E300E81F27 /* Release */ = {
			isa = XCBuildConfiguration;
			buildSettings = {
				ALWAYS_EMBED_SWIFT_STANDARD_LIBRARIES = YES;
				CODE_SIGN_STYLE = Automatic;
				INFOPLIST_FILE = TableViewTestUITests/Info.plist;
				LD_RUNPATH_SEARCH_PATHS = (
					"$(inherited)",
					"@executable_path/Frameworks",
					"@loader_path/Frameworks",
				);
				PRODUCT_BUNDLE_IDENTIFIER = "Jenna-Benjamin.TableViewTestUITests";
				PRODUCT_NAME = "$(TARGET_NAME)";
				SWIFT_VERSION = 4.2;
				TARGETED_DEVICE_FAMILY = "1,2";
				TEST_TARGET_NAME = TableViewTest;
			};
			name = Release;
		};
/* End XCBuildConfiguration section */

/* Begin XCConfigurationList section */
		BD9F3F0D217817E100E81F27 /* Build configuration list for PBXProject "TableViewTest" */ = {
			isa = XCConfigurationList;
			buildConfigurations = (
				BD9F3F38217817E300E81F27 /* Debug */,
				BD9F3F39217817E300E81F27 /* Release */,
			);
			defaultConfigurationIsVisible = 0;
			defaultConfigurationName = Release;
		};
		BD9F3F3A217817E300E81F27 /* Build configuration list for PBXNativeTarget "TableViewTest" */ = {
			isa = XCConfigurationList;
			buildConfigurations = (
				BD9F3F3B217817E300E81F27 /* Debug */,
				BD9F3F3C217817E300E81F27 /* Release */,
			);
			defaultConfigurationIsVisible = 0;
			defaultConfigurationName = Release;
		};
		BD9F3F3D217817E300E81F27 /* Build configuration list for PBXNativeTarget "TableViewTestTests" */ = {
			isa = XCConfigurationList;
			buildConfigurations = (
				BD9F3F3E217817E300E81F27 /* Debug */,
				BD9F3F3F217817E300E81F27 /* Release */,
			);
			defaultConfigurationIsVisible = 0;
			defaultConfigurationName = Release;
		};
		BD9F3F40217817E300E81F27 /* Build configuration list for PBXNativeTarget "TableViewTestUITests" */ = {
			isa = XCConfigurationList;
			buildConfigurations = (
				BD9F3F41217817E300E81F27 /* Debug */,
				BD9F3F42217817E300E81F27 /* Release */,
			);
			defaultConfigurationIsVisible = 0;
			defaultConfigurationName = Release;
		};
/* End XCConfigurationList section */
	};
	rootObject = BD9F3F0A217817E100E81F27 /* Project object */;
}
